
Microsoft Visual Studio Solution File, Format Version 12.00
# Visual Studio Version 16
VisualStudioVersion = 16.0.30717.126
MinimumVisualStudioVersion = 10.0.40219.1
Project("{FAE04EC0-301F-11D3-BF4B-00C04F79EFBC}") = "Member", "Member\Member.csproj", "{14C6E9E1-FD71-4A22-9B2F-4F76335EF840}"
EndProject
Global
	GlobalSection(SolutionConfigurationPlatforms) = preSolution
		Debug|Any CPU = Debug|Any CPU
		Release|Any CPU = Release|Any CPU
	EndGlobalSection
	GlobalSection(ProjectConfigurationPlatforms) = postSolution
		{14C6E9E1-FD71-4A22-9B2F-4F76335EF840}.Debug|Any CPU.ActiveCfg = Debug|Any CPU
		{14C6E9E1-FD71-4A22-9B2F-4F76335EF840}.Debug|Any CPU.Build.0 = Debug|Any CPU
		{14C6E9E1-FD71-4A22-9B2F-4F76335EF840}.Release|Any CPU.ActiveCfg = Release|Any CPU
		{14C6E9E1-FD71-4A22-9B2F-4F76335EF840}.Release|Any CPU.Build.0 = Release|Any CPU
	EndGlobalSection
	GlobalSection(SolutionProperties) = preSolution
		HideSolutionNode = FALSE
	EndGlobalSection
	GlobalSection(ExtensibilityGlobals) = postSolution
		SolutionGuid = {02F5ECA7-7392-4ADA-AF2C-474839E26C52}
	EndGlobalSection
EndGlobal
